
Microsoft Visual Studio Solution File, Format Version 12.00
# Visual Studio Version 16
VisualStudioVersion = 16.0.31624.102
MinimumVisualStudioVersion = 10.0.40219.1
Project("{9A19103F-16F7-4668-BE54-9A1E7A4F7556}") = "SInformation", "SInformation\SInformation.csproj", "{BA573825-A236-4604-A7EA-9EB12BD7AE47}"
EndProject
Global
	GlobalSection(SolutionConfigurationPlatforms) = preSolution
		Debug|Any CPU = Debug|Any CPU
		Release|Any CPU = Release|Any CPU
	EndGlobalSection
	GlobalSection(ProjectConfigurationPlatforms) = postSolution
		{BA573825-A236-4604-A7EA-9EB12BD7AE47}.Debug|Any CPU.ActiveCfg = Debug|Any CPU
		{BA573825-A236-4604-A7EA-9EB12BD7AE47}.Debug|Any CPU.Build.0 = Debug|Any CPU
		{BA573825-A236-4604-A7EA-9EB12BD7AE47}.Release|Any CPU.ActiveCfg = Release|Any CPU
		{BA573825-A236-4604-A7EA-9EB12BD7AE47}.Release|Any CPU.Build.0 = Release|Any CPU
	EndGlobalSection
	GlobalSection(SolutionProperties) = preSolution
		HideSolutionNode = FALSE
	EndGlobalSection
	GlobalSection(ExtensibilityGlobals) = postSolution
		SolutionGuid = {2EB783B3-85A0-4693-A7FF-C0C709EE3811}
	EndGlobalSection
EndGlobal
